
Microsoft Visual Studio Solution File, Format Version 12.00
# Visual Studio Version 17
VisualStudioVersion = 17.2.32519.379
MinimumVisualStudioVersion = 10.0.40219.1
Project("{9A19103F-16F7-4668-BE54-9A1E7A4F7556}") = "Uyen_Assignment_05", "Uyen_Assignment_02\Uyen_Assignment_05.csproj", "{43BE0EF1-3B44-4B74-A94D-AED699379F04}"
EndProject
Project("{2150E333-8FDC-42A3-9474-1A3956D46DE8}") = "Solution Items", "Solution Items", "{A03C897A-2D48-43CE-BF76-DAB78620F728}"
	ProjectSection(SolutionItems) = preProject
		Uyen_Assignment_02\bin\Debug\net6.0\Uyen.txt = Uyen_Assignment_02\bin\Debug\net6.0\Uyen.txt
	EndProjectSection
EndProject
Global
	GlobalSection(SolutionConfigurationPlatforms) = preSolution
		Debug|Any CPU = Debug|Any CPU
		Release|Any CPU = Release|Any CPU
	EndGlobalSection
	GlobalSection(ProjectConfigurationPlatforms) = postSolution
		{43BE0EF1-3B44-4B74-A94D-AED699379F04}.Debug|Any CPU.ActiveCfg = Debug|Any CPU
		{43BE0EF1-3B44-4B74-A94D-AED699379F04}.Debug|Any CPU.Build.0 = Debug|Any CPU
		{43BE0EF1-3B44-4B74-A94D-AED699379F04}.Release|Any CPU.ActiveCfg = Release|Any CPU
		{43BE0EF1-3B44-4B74-A94D-AED699379F04}.Release|Any CPU.Build.0 = Release|Any CPU
	EndGlobalSection
	GlobalSection(SolutionProperties) = preSolution
		HideSolutionNode = FALSE
	EndGlobalSection
	GlobalSection(ExtensibilityGlobals) = postSolution
		SolutionGuid = {277FE25F-88A5-478C-B4FA-0AAB9C6C7B76}
	EndGlobalSection
EndGlobal
